# THIS IS AN AUTOGENERATED FILE. DO NOT EDIT THIS FILE DIRECTLY.
# yarn lockfile v1


"@adraffy/ens-normalize@^1.10.1", "@adraffy/ens-normalize@1.10.1":
  version "1.10.1"
  resolved "https://registry.npmjs.org/@adraffy/ens-normalize/-/ens-normalize-1.10.1.tgz"
  integrity sha512-96Z2IP3mYmF1Xg2cDm8f1gWGf/HUVedQ3FMifV4kG/PQ4yEP51xDtRAEfhVNt5f/uzpNkZHwWQuUcu6D6K+Ekw==

"@biconomy/sdk@^0.0.29":
  version "0.0.29"
  resolved "https://registry.npmjs.org/@biconomy/sdk/-/sdk-0.0.29.tgz"
  integrity sha512-MKCSHGeLUbVJ51vSK/oj4E1ieYOz9XnefYm78Nfnz6t5Y+iv3XecBl+vv96ZwOMr2MNHcPCL2xg8NkxVgjWtBQ==

"@cspotcode/source-map-support@^0.8.0":
  version "0.8.1"
  resolved "https://registry.npmjs.org/@cspotcode/source-map-support/-/source-map-support-0.8.1.tgz"
  integrity sha512-IchNf6dN4tHoMFIn/7OE8LWZ19Y6q/67Bmf6vnGREv8RSbBVb9LPJxEcnwrcwX6ixSvaiGoomAUvu4YSxXrVgw==
  dependencies:
    "@jridgewell/trace-mapping" "0.3.9"

"@jridgewell/resolve-uri@^3.0.3":
  version "3.1.2"
  resolved "https://registry.npmjs.org/@jridgewell/resolve-uri/-/resolve-uri-3.1.2.tgz"
  integrity sha512-bRISgCIjP20/tbWSPWMEi54QVPRZExkuD9lJL+UIxUKtwVJA8wW1Trb1jMs1RFXo1CBTNZ/5hpC9QvmKWdopKw==

"@jridgewell/sourcemap-codec@^1.4.10":
  version "1.5.0"
  resolved "https://registry.npmjs.org/@jridgewell/sourcemap-codec/-/sourcemap-codec-1.5.0.tgz"
  integrity sha512-gv3ZRaISU3fjPAgNsriBRqGWQL6quFx04YMPW/zD8XMLsU32mhCCbfbO6KZFLjvYpCZ8zyDEgqsgf+PwPaM7GQ==

"@jridgewell/trace-mapping@0.3.9":
  version "0.3.9"
  resolved "https://registry.npmjs.org/@jridgewell/trace-mapping/-/trace-mapping-0.3.9.tgz"
  integrity sha512-3Belt6tdc8bPgAtbcmdtNJlirVoTmEb5e2gC94PnkwEW9jI6CAHUeoG85tjWP5WquqfavoMtMwiG4P926ZKKuQ==
  dependencies:
    "@jridgewell/resolve-uri" "^3.0.3"
    "@jridgewell/sourcemap-codec" "^1.4.10"

"@noble/curves@^1.4.0":
  version "1.8.0"
  resolved "https://registry.npmjs.org/@noble/curves/-/curves-1.8.0.tgz"
  integrity sha512-j84kjAbzEnQHaSIhRPUmB3/eVXu2k3dKPl2LOrR8fSOIL+89U+7lV117EWHtq/GHM3ReGHM46iRBdZfpc4HRUQ==
  dependencies:
    "@noble/hashes" "1.7.0"

"@noble/curves@^1.6.0":
  version "1.8.0"
  resolved "https://registry.npmjs.org/@noble/curves/-/curves-1.8.0.tgz"
  integrity sha512-j84kjAbzEnQHaSIhRPUmB3/eVXu2k3dKPl2LOrR8fSOIL+89U+7lV117EWHtq/GHM3ReGHM46iRBdZfpc4HRUQ==
  dependencies:
    "@noble/hashes" "1.7.0"

"@noble/curves@~1.7.0":
  version "1.7.0"
  resolved "https://registry.npmjs.org/@noble/curves/-/curves-1.7.0.tgz"
  integrity sha512-UTMhXK9SeDhFJVrHeUJ5uZlI6ajXg10O6Ddocf9S6GjbSBVZsJo88HzKwXznNfGpMTRDyJkqMjNDPYgf0qFWnw==
  dependencies:
    "@noble/hashes" "1.6.0"

"@noble/curves@1.2.0":
  version "1.2.0"
  resolved "https://registry.npmjs.org/@noble/curves/-/curves-1.2.0.tgz"
  integrity sha512-oYclrNgRaM9SsBUBVbb8M6DTV7ZHRTKugureoYEncY5c65HOmRzvSiTE3y5CYaPYJA/GVkrhXEoF0M3Ya9PMnw==
  dependencies:
    "@noble/hashes" "1.3.2"

"@noble/curves@1.7.0":
  version "1.7.0"
  resolved "https://registry.npmjs.org/@noble/curves/-/curves-1.7.0.tgz"
  integrity sha512-UTMhXK9SeDhFJVrHeUJ5uZlI6ajXg10O6Ddocf9S6GjbSBVZsJo88HzKwXznNfGpMTRDyJkqMjNDPYgf0qFWnw==
  dependencies:
    "@noble/hashes" "1.6.0"

"@noble/hashes@^1.4.0", "@noble/hashes@^1.5.0", "@noble/hashes@1.7.0":
  version "1.7.0"
  resolved "https://registry.npmjs.org/@noble/hashes/-/hashes-1.7.0.tgz"
  integrity sha512-HXydb0DgzTpDPwbVeDGCG1gIu7X6+AuU6Zl6av/E/KG8LMsvPntvq+w17CHRpKBmN6Ybdrt1eP3k4cj8DJa78w==

"@noble/hashes@~1.6.0":
  version "1.6.1"
  resolved "https://registry.npmjs.org/@noble/hashes/-/hashes-1.6.1.tgz"
  integrity sha512-pq5D8h10hHBjyqX+cfBm0i8JUXJ0UhczFc4r74zbuT9XgewFo2E3J1cOaGtdZynILNmQ685YWGzGE1Zv6io50w==

"@noble/hashes@1.3.2":
  version "1.3.2"
  resolved "https://registry.npmjs.org/@noble/hashes/-/hashes-1.3.2.tgz"
  integrity sha512-MVC8EAQp7MvEcm30KWENFjgR+Mkmf+D189XJTkFIlwohU5hcBbn1ZkKq7KVTi2Hme3PMGF390DaL52beVrIihQ==

"@noble/hashes@1.6.0":
  version "1.6.0"
  resolved "https://registry.npmjs.org/@noble/hashes/-/hashes-1.6.0.tgz"
  integrity sha512-YUULf0Uk4/mAA89w+k3+yUYh6NrEvxZa5T6SY3wlMvE2chHkxFUUIDI8/XW1QSC357iA5pSnqt7XEhvFOqmDyQ==

"@noble/hashes@1.6.1":
  version "1.6.1"
  resolved "https://registry.npmjs.org/@noble/hashes/-/hashes-1.6.1.tgz"
  integrity sha512-pq5D8h10hHBjyqX+cfBm0i8JUXJ0UhczFc4r74zbuT9XgewFo2E3J1cOaGtdZynILNmQ685YWGzGE1Zv6io50w==

"@rhinestone/module-sdk@^0.2.3", "@rhinestone/module-sdk@>=0.1.0 <=0.2.3":
  version "0.2.3"
  resolved "https://registry.npmjs.org/@rhinestone/module-sdk/-/module-sdk-0.2.3.tgz"
  integrity sha512-YbwK0R6N2ApxHJNYPGx1HsRXmMtLxOrn3GYxXvOeYPVjiY13kHIxq+1XfzLFwAwIT7DKpprg0mY5s6YuUpByGA==
  dependencies:
    solady "^0.0.235"
    tslib "^2.7.0"

"@scure/base@~1.2.1":
  version "1.2.1"
  resolved "https://registry.npmjs.org/@scure/base/-/base-1.2.1.tgz"
  integrity sha512-DGmGtC8Tt63J5GfHgfl5CuAXh96VF/LD8K9Hr/Gv0J2lAoRGlPOMpqMpMbCTOoOJMZCk2Xt+DskdDyn6dEFdzQ==

"@scure/bip32@^1.5.0", "@scure/bip32@1.6.0":
  version "1.6.0"
  resolved "https://registry.npmjs.org/@scure/bip32/-/bip32-1.6.0.tgz"
  integrity sha512-82q1QfklrUUdXJzjuRU7iG7D7XiFx5PHYVS0+oeNKhyDLT7WPqs6pBcM2W5ZdwOwKCwoE1Vy1se+DHjcXwCYnA==
  dependencies:
    "@noble/curves" "~1.7.0"
    "@noble/hashes" "~1.6.0"
    "@scure/base" "~1.2.1"

"@scure/bip39@^1.4.0", "@scure/bip39@1.5.0":
  version "1.5.0"
  resolved "https://registry.npmjs.org/@scure/bip39/-/bip39-1.5.0.tgz"
  integrity sha512-Dop+ASYhnrwm9+HA/HwXg7j2ZqM6yk2fyLWb5znexjctFY3+E+eU8cIWI0Pql0Qx4hPZCijlGq4OL71g+Uz30A==
  dependencies:
    "@noble/hashes" "~1.6.0"
    "@scure/base" "~1.2.1"

"@tsconfig/node10@^1.0.7":
  version "1.0.11"
  resolved "https://registry.npmjs.org/@tsconfig/node10/-/node10-1.0.11.tgz"
  integrity sha512-DcRjDCujK/kCk/cUe8Xz8ZSpm8mS3mNNpta+jGCA6USEDfktlNvm1+IuZ9eTcDbNk41BHwpHHeW+N1lKCz4zOw==

"@tsconfig/node12@^1.0.7":
  version "1.0.11"
  resolved "https://registry.npmjs.org/@tsconfig/node12/-/node12-1.0.11.tgz"
  integrity sha512-cqefuRsh12pWyGsIoBKJA9luFu3mRxCA+ORZvA4ktLSzIuCUtWVxGIuXigEwO5/ywWFMZ2QEGKWvkZG1zDMTag==

"@tsconfig/node14@^1.0.0":
  version "1.0.3"
  resolved "https://registry.npmjs.org/@tsconfig/node14/-/node14-1.0.3.tgz"
  integrity sha512-ysT8mhdixWK6Hw3i1V2AeRqZ5WfXg1G43mqoYlM2nc6388Fq5jcXyr5mRsqViLx/GJYdoL0bfXD8nmF+Zn/Iow==

"@tsconfig/node16@^1.0.2":
  version "1.0.4"
  resolved "https://registry.npmjs.org/@tsconfig/node16/-/node16-1.0.4.tgz"
  integrity sha512-vxhUy4J8lyeyinH7Azl1pdd43GJhZH/tP2weN8TntQblOY+A0XbT8DJk1/oCPuOOyg/Ja757rG0CgHcWC8OfMA==

"@types/node@*", "@types/node@^22.0.0":
  version "22.10.5"
  resolved "https://registry.npmjs.org/@types/node/-/node-22.10.5.tgz"
  integrity sha512-F8Q+SeGimwOo86fiovQh8qiXfFEh2/ocYv7tU5pJ3EXMSSxk1Joj5wefpFK2fHTf/N6HKGSxIDBT9f3gCxXPkQ==
  dependencies:
    undici-types "~6.20.0"

"@types/node@22.7.5":
  version "22.7.5"
  resolved "https://registry.npmjs.org/@types/node/-/node-22.7.5.tgz"
  integrity sha512-jML7s2NAzMWc//QSJ1a3prpk78cOPchGvXJsC3C6R6PSMoooztvRVQEz89gmBTBY1SPMaqo5teB4uNHPdetShQ==
  dependencies:
    undici-types "~6.19.2"

abitype@^1.0.6, abitype@1.0.7:
  version "1.0.7"
  resolved "https://registry.npmjs.org/abitype/-/abitype-1.0.7.tgz"
  integrity sha512-ZfYYSktDQUwc2eduYu8C4wOs+RDPmnRYMh7zNfzeMtGGgb0U+6tLGjixUic6mXf5xKKCcgT5Qp6cv39tOARVFw==

acorn-walk@^8.1.1:
  version "8.3.4"
  resolved "https://registry.npmjs.org/acorn-walk/-/acorn-walk-8.3.4.tgz"
  integrity sha512-ueEepnujpqee2o5aIYnvHU6C0A42MNdsIDeqy5BydrkuC5R1ZuUFnm27EeFJGoEHJQgn3uleRvmTXaJgfXbt4g==
  dependencies:
    acorn "^8.11.0"

acorn@^8.11.0, acorn@^8.4.1:
  version "8.14.0"
  resolved "https://registry.npmjs.org/acorn/-/acorn-8.14.0.tgz"
  integrity sha512-cl669nCJTZBsL97OF4kUQm5g5hC2uihk0NxY3WENAC0TYdILVkAyHymAntgxGkl7K+t0cXIrH5siy5S4XkFycA==

aes-js@4.0.0-beta.5:
  version "4.0.0-beta.5"
  resolved "https://registry.npmjs.org/aes-js/-/aes-js-4.0.0-beta.5.tgz"
  integrity sha512-G965FqalsNyrPqgEGON7nIx1e/OVENSgiEIzyC63haUMuvNnwIgIjMs52hlTCKhkBny7A2ORNlfY9Zu+jmGk1Q==

arg@^4.1.0:
  version "4.1.3"
  resolved "https://registry.npmjs.org/arg/-/arg-4.1.3.tgz"
  integrity sha512-58S9QDqG0Xx27YwPSt9fJxivjYl432YCwfDMfZ+71RAqUrZef7LrKQZ3LHLOwCS4FLNBplP533Zx895SeOCHvA==

create-require@^1.1.0:
  version "1.1.1"
  resolved "https://registry.npmjs.org/create-require/-/create-require-1.1.1.tgz"
  integrity sha512-dcKFX3jn0MpIaXjisoRvexIJVEKzaq7z2rZKxf+MSr9TkdmHmsU4m2lcLojrj/FHl8mk5VxMmYA+ftRkP/3oKQ==

diff@^4.0.1:
  version "4.0.2"
  resolved "https://registry.npmjs.org/diff/-/diff-4.0.2.tgz"
  integrity sha512-58lmxKSA4BNyLz+HHMUzlOEpg09FV+ev6ZMe3vJihgdxzgcwZ8VoEEPmALCZG9LmqfVoNMMKpttIYTVG6uDY7A==

ethers@^6.13.4:
  version "6.13.5"
  resolved "https://registry.npmjs.org/ethers/-/ethers-6.13.5.tgz"
  integrity sha512-+knKNieu5EKRThQJWwqaJ10a6HE9sSehGeqWN65//wE7j47ZpFhKAnHB/JJFibwwg61I/koxaPsXbXpD/skNOQ==
  dependencies:
    "@adraffy/ens-normalize" "1.10.1"
    "@noble/curves" "1.2.0"
    "@noble/hashes" "1.3.2"
    "@types/node" "22.7.5"
    aes-js "4.0.0-beta.5"
    tslib "2.7.0"
    ws "8.17.1"

eventemitter3@5.0.1:
  version "5.0.1"
  resolved "https://registry.npmjs.org/eventemitter3/-/eventemitter3-5.0.1.tgz"
  integrity sha512-GWkBvjiSZK87ELrYOSESUYeVIc9mvLLf/nXalMOS5dYrgZq9o5OVkbZAVM06CVxYsCwH9BDZFPlQTlPA1j4ahA==

isows@1.0.6:
  version "1.0.6"
  resolved "https://registry.npmjs.org/isows/-/isows-1.0.6.tgz"
  integrity sha512-lPHCayd40oW98/I0uvgaHKWCSvkzY27LjWLbtzOm64yQ+G3Q5npjjbdppU65iZXkK1Zt+kH9pfegli0AYfwYYw==

make-error@^1.1.1:
  version "1.3.6"
  resolved "https://registry.npmjs.org/make-error/-/make-error-1.3.6.tgz"
  integrity sha512-s8UhlNe7vPKomQhC1qFelMokr/Sc3AgNbso3n74mVPA5LTZwkB9NlXf4XPamLxJE8h0gh73rM94xvwRT2CVInw==

ox@0.6.0:
  version "0.6.0"
  resolved "https://registry.npmjs.org/ox/-/ox-0.6.0.tgz"
  integrity sha512-blUzTLidvUlshv0O02CnLFqBLidNzPoAZdIth894avUAotTuWziznv6IENv5idRuOSSP3dH8WzcYw84zVdu0Aw==
  dependencies:
    "@adraffy/ens-normalize" "^1.10.1"
    "@noble/curves" "^1.6.0"
    "@noble/hashes" "^1.5.0"
    "@scure/bip32" "^1.5.0"
    "@scure/bip39" "^1.4.0"
    abitype "^1.0.6"
    eventemitter3 "5.0.1"

permissionless@^0.2.24:
  version "0.2.25"
  resolved "https://registry.npmjs.org/permissionless/-/permissionless-0.2.25.tgz"
  integrity sha512-O0YUNBpouF/S0EGfk3PLuGHN3vYGRK4nJZAyGC5uq72NbHoi0Ao0bWxdTeBw6/rNyrcE7CMKtU5KxrSnIV+mcw==

solady@^0.0.235:
  version "0.0.235"
  resolved "https://registry.npmjs.org/solady/-/solady-0.0.235.tgz"
  integrity sha512-JUEXLDG7ag3HmqUnrDG7ilhafH6R9bFPpwV63O2kH4UbnS2+gRGEOqqy4k01O7tHjo3MWkDD0cpG+UY9pjy/fQ==

ts-node@^10.9.2:
  version "10.9.2"
  resolved "https://registry.npmjs.org/ts-node/-/ts-node-10.9.2.tgz"
  integrity sha512-f0FFpIdcHgn8zcPSbf1dRevwt047YMnaiJM3u2w2RewrB+fob/zePZcrOyQoLMMO7aBIddLcQIEK5dYjkLnGrQ==
  dependencies:
    "@cspotcode/source-map-support" "^0.8.0"
    "@tsconfig/node10" "^1.0.7"
    "@tsconfig/node12" "^1.0.7"
    "@tsconfig/node14" "^1.0.0"
    "@tsconfig/node16" "^1.0.2"
    acorn "^8.4.1"
    acorn-walk "^8.1.1"
    arg "^4.1.0"
    create-require "^1.1.0"
    diff "^4.0.1"
    make-error "^1.1.1"
    v8-compile-cache-lib "^3.0.1"
    yn "3.1.1"

tslib@^2.7.0:
  version "2.8.1"
  resolved "https://registry.npmjs.org/tslib/-/tslib-2.8.1.tgz"
  integrity sha512-oJFu94HQb+KVduSUQL7wnpmqnfmLsOA/nAh6b6EH0wCEoK0/mPeXU6c3wKDV83MkOuHPRHtSXKKU99IBazS/2w==

tslib@2.7.0:
  version "2.7.0"
  resolved "https://registry.npmjs.org/tslib/-/tslib-2.7.0.tgz"
  integrity sha512-gLXCKdN1/j47AiHiOkJN69hJmcbGTHI0ImLmbYLHykhgeN0jVGola9yVjFgzCUklsZQMW55o+dW7IXv3RCXDzA==

typescript@^5, typescript@^5.0.0, typescript@>=2.7, typescript@>=5.0.4, typescript@>=5.4.0:
  version "5.7.3"
  resolved "https://registry.npmjs.org/typescript/-/typescript-5.7.3.tgz"
  integrity sha512-84MVSjMEHP+FQRPy3pX9sTVV/INIex71s9TL2Gm5FG/WG1SqXeKyZ0k7/blY/4FdOzI12CBy1vGc4og/eus0fw==

undici-types@~6.19.2:
  version "6.19.8"
  resolved "https://registry.npmjs.org/undici-types/-/undici-types-6.19.8.tgz"
  integrity sha512-ve2KP6f/JnbPBFyobGHuerC9g1FYGn/F8n1LWTwNxCEzd6IfqTwUQcNXgEtmmQ6DlRrC1hrSrBnCZPokRrDHjw==

undici-types@~6.20.0:
  version "6.20.0"
  resolved "https://registry.npmjs.org/undici-types/-/undici-types-6.20.0.tgz"
  integrity sha512-Ny6QZ2Nju20vw1SRHe3d9jVu6gJ+4e3+MMpqu7pqE5HT6WsTSlce++GQmK5UXS8mzV8DSYHrQH+Xrf2jVcuKNg==

v8-compile-cache-lib@^3.0.1:
  version "3.0.1"
  resolved "https://registry.npmjs.org/v8-compile-cache-lib/-/v8-compile-cache-lib-3.0.1.tgz"
  integrity sha512-wa7YjyUGfNZngI/vtK0UHAN+lgDCxBPCylVXGp0zu59Fz5aiGtNXaq3DhIov063MorB+VfufLh3JlF2KdTK3xg==

viem@^2.0.0, viem@^2.20.0, viem@^2.21.54, viem@^2.22.2:
  version "2.22.5"
  resolved "https://registry.npmjs.org/viem/-/viem-2.22.5.tgz"
  integrity sha512-rked1t/qPQAFNTLoFU18/OCv5KdbIZPwAwlY2X7dtH8unt28kccN6RBrjEjhNrY6wQlbO4phGwslNUzd8a2faw==
  dependencies:
    "@noble/curves" "1.7.0"
    "@noble/hashes" "1.6.1"
    "@scure/bip32" "1.6.0"
    "@scure/bip39" "1.5.0"
    abitype "1.0.7"
    isows "1.0.6"
    ox "0.6.0"
    webauthn-p256 "0.0.10"
    ws "8.18.0"

webauthn-p256@0.0.10:
  version "0.0.10"
  resolved "https://registry.npmjs.org/webauthn-p256/-/webauthn-p256-0.0.10.tgz"
  integrity sha512-EeYD+gmIT80YkSIDb2iWq0lq2zbHo1CxHlQTeJ+KkCILWpVy3zASH3ByD4bopzfk0uCwXxLqKGLqp2W4O28VFA==
  dependencies:
    "@noble/curves" "^1.4.0"
    "@noble/hashes" "^1.4.0"

ws@*, ws@8.17.1:
  version "8.17.1"
  resolved "https://registry.npmjs.org/ws/-/ws-8.17.1.tgz"
  integrity sha512-6XQFvXTkbfUOZOKKILFG1PDK2NDQs4azKQl26T0YS5CxqWLgXajbPZ+h4gZekJyRqFU8pvnbAbbs/3TgRPy+GQ==

ws@8.18.0:
  version "8.18.0"
  resolved "https://registry.npmjs.org/ws/-/ws-8.18.0.tgz"
  integrity sha512-8VbfWfHLbbwu3+N6OKsOMpBdT4kXPDDB9cJk2bJ6mh9ucxdlnNvH1e+roYkKmN9Nxw2yjz7VzeO9oOz2zJ04Pw==

yn@3.1.1:
  version "3.1.1"
  resolved "https://registry.npmjs.org/yn/-/yn-3.1.1.tgz"
  integrity sha512-Ux4ygGWsu2c7isFWe8Yu1YluJmqVhxqK2cLXNQA5AcC3QfbGNpM7fu0Y8b/z16pXLnFxZYvWhd3fhBY9DLmC6Q==
